
Microsoft Visual Studio Solution File, Format Version 12.00
# Visual Studio Version 17
VisualStudioVersion = 17.9.34728.123
MinimumVisualStudioVersion = 10.0.40219.1
Project("{FAE04EC0-301F-11D3-BF4B-00C04F79EFBC}") = "Project Portfolio", "Project Portfolio.csproj", "{C96F7F36-D03F-4D90-8A6D-D712C2393F5B}"
EndProject
Global
	GlobalSection(SolutionConfigurationPlatforms) = preSolution
		Debug|Any CPU = Debug|Any CPU
		Release|Any CPU = Release|Any CPU
	EndGlobalSection
	GlobalSection(ProjectConfigurationPlatforms) = postSolution
		{C96F7F36-D03F-4D90-8A6D-D712C2393F5B}.Debug|Any CPU.ActiveCfg = Debug|Any CPU
		{C96F7F36-D03F-4D90-8A6D-D712C2393F5B}.Debug|Any CPU.Build.0 = Debug|Any CPU
		{C96F7F36-D03F-4D90-8A6D-D712C2393F5B}.Release|Any CPU.ActiveCfg = Release|Any CPU
		{C96F7F36-D03F-4D90-8A6D-D712C2393F5B}.Release|Any CPU.Build.0 = Release|Any CPU
	EndGlobalSection
	GlobalSection(SolutionProperties) = preSolution
		HideSolutionNode = FALSE
	EndGlobalSection
	GlobalSection(ExtensibilityGlobals) = postSolution
		SolutionGuid = {D2C3BA45-F64D-4519-A546-C071C65555AF}
	EndGlobalSection
EndGlobal
